
Microsoft Visual Studio Solution File, Format Version 12.00
# Visual Studio Version 16
VisualStudioVersion = 16.0.31729.503
MinimumVisualStudioVersion = 10.0.40219.1
Project("{FAE04EC0-301F-11D3-BF4B-00C04F79EFBC}") = "BlendeaIndovinaLettera", "BlendeaIndovinaLettera\BlendeaIndovinaLettera.csproj", "{2F40E589-6103-408A-A3A1-88B6FD2BB824}"
EndProject
Global
	GlobalSection(SolutionConfigurationPlatforms) = preSolution
		Debug|Any CPU = Debug|Any CPU
		Release|Any CPU = Release|Any CPU
	EndGlobalSection
	GlobalSection(ProjectConfigurationPlatforms) = postSolution
		{2F40E589-6103-408A-A3A1-88B6FD2BB824}.Debug|Any CPU.ActiveCfg = Debug|Any CPU
		{2F40E589-6103-408A-A3A1-88B6FD2BB824}.Debug|Any CPU.Build.0 = Debug|Any CPU
		{2F40E589-6103-408A-A3A1-88B6FD2BB824}.Release|Any CPU.ActiveCfg = Release|Any CPU
		{2F40E589-6103-408A-A3A1-88B6FD2BB824}.Release|Any CPU.Build.0 = Release|Any CPU
	EndGlobalSection
	GlobalSection(SolutionProperties) = preSolution
		HideSolutionNode = FALSE
	EndGlobalSection
	GlobalSection(ExtensibilityGlobals) = postSolution
		SolutionGuid = {EBD9B5A1-12F0-4F17-9964-83BE63671D33}
	EndGlobalSection
EndGlobal
